
Microsoft Visual Studio Solution File, Format Version 12.00
# Visual Studio Version 16
VisualStudioVersion = 16.0.29503.13
MinimumVisualStudioVersion = 10.0.40219.1
Project("{FAE04EC0-301F-11D3-BF4B-00C04F79EFBC}") = "POO3D2_28_37", "POO3D2_28_37\POO3D2_28_37.csproj", "{73C8A615-5DE0-4B21-993A-F7455827B259}"
EndProject
Global
	GlobalSection(SolutionConfigurationPlatforms) = preSolution
		Debug|Any CPU = Debug|Any CPU
		Release|Any CPU = Release|Any CPU
	EndGlobalSection
	GlobalSection(ProjectConfigurationPlatforms) = postSolution
		{73C8A615-5DE0-4B21-993A-F7455827B259}.Debug|Any CPU.ActiveCfg = Debug|Any CPU
		{73C8A615-5DE0-4B21-993A-F7455827B259}.Debug|Any CPU.Build.0 = Debug|Any CPU
		{73C8A615-5DE0-4B21-993A-F7455827B259}.Release|Any CPU.ActiveCfg = Release|Any CPU
		{73C8A615-5DE0-4B21-993A-F7455827B259}.Release|Any CPU.Build.0 = Release|Any CPU
	EndGlobalSection
	GlobalSection(SolutionProperties) = preSolution
		HideSolutionNode = FALSE
	EndGlobalSection
	GlobalSection(ExtensibilityGlobals) = postSolution
		SolutionGuid = {483F69B1-B0BA-49FA-A50D-6FF8A1CD3D83}
	EndGlobalSection
EndGlobal
